
Microsoft Visual Studio Solution File, Format Version 12.00
# Visual Studio 15
VisualStudioVersion = 15.0.27130.2003
MinimumVisualStudioVersion = 10.0.40219.1
Project("{FAE04EC0-301F-11D3-BF4B-00C04F79EFBC}") = "D1a", "D1a\D1a.csproj", "{571F9916-06AF-461E-B727-4DDAF41D635D}"
EndProject
Project("{FAE04EC0-301F-11D3-BF4B-00C04F79EFBC}") = "D1b", "D1b\D1b.csproj", "{C78B10FB-5435-43D2-8041-8BE3D38D9530}"
EndProject
Project("{FAE04EC0-301F-11D3-BF4B-00C04F79EFBC}") = "D2a", "D2a\D2a.csproj", "{8F302DE9-6DD6-471F-A7E4-B9F3BA442E88}"
EndProject
Project("{FAE04EC0-301F-11D3-BF4B-00C04F79EFBC}") = "D2b", "D2b\D2b.csproj", "{A59945DD-2FD1-468B-9796-3310FD8329E6}"
EndProject
Project("{FAE04EC0-301F-11D3-BF4B-00C04F79EFBC}") = "D3a", "D3a\D3a.csproj", "{BE0E9D55-9861-48D1-B4DC-3B7EEE71DFC5}"
EndProject
Project("{FAE04EC0-301F-11D3-BF4B-00C04F79EFBC}") = "D3b", "D3b\D3b.csproj", "{018E24E3-4AD5-4D09-8C02-70C93F6B30E5}"
EndProject
Project("{FAE04EC0-301F-11D3-BF4B-00C04F79EFBC}") = "D4a", "D4a\D4a.csproj", "{3CE98EAE-9CCE-46F0-9DF7-6FB87FF1D862}"
EndProject
Project("{FAE04EC0-301F-11D3-BF4B-00C04F79EFBC}") = "D4b", "D4b\D4b.csproj", "{00465CAE-CFA9-4696-90AC-6A900C6E098D}"
EndProject
Project("{FAE04EC0-301F-11D3-BF4B-00C04F79EFBC}") = "D5a", "D5a\D5a.csproj", "{0FC68835-90D9-4A1D-880A-8D0B5F45A134}"
EndProject
Project("{FAE04EC0-301F-11D3-BF4B-00C04F79EFBC}") = "D5b", "D5b\D5b.csproj", "{68641D33-D439-4650-8A15-C73D61935D4B}"
EndProject
Project("{FAE04EC0-301F-11D3-BF4B-00C04F79EFBC}") = "D6a", "D6a\D6a.csproj", "{B0B7519A-0DA4-4E23-BF9C-AE7DFCA6BA07}"
EndProject
Project("{FAE04EC0-301F-11D3-BF4B-00C04F79EFBC}") = "D6b", "D6b\D6b.csproj", "{FF39D695-7AD1-4656-AE52-4E921CAD4FE0}"
EndProject
Project("{FAE04EC0-301F-11D3-BF4B-00C04F79EFBC}") = "D7a", "D7a\D7a.csproj", "{6FD14CA5-CFAB-40F9-9A79-ECCAD377C2D8}"
EndProject
Project("{FAE04EC0-301F-11D3-BF4B-00C04F79EFBC}") = "D7b", "D7b\D7b.csproj", "{9F195120-0CAA-49D4-BEC8-A3DFFD1B4655}"
EndProject
Global
	GlobalSection(SolutionConfigurationPlatforms) = preSolution
		Debug|Any CPU = Debug|Any CPU
		Release|Any CPU = Release|Any CPU
	EndGlobalSection
	GlobalSection(ProjectConfigurationPlatforms) = postSolution
		{571F9916-06AF-461E-B727-4DDAF41D635D}.Debug|Any CPU.ActiveCfg = Debug|Any CPU
		{571F9916-06AF-461E-B727-4DDAF41D635D}.Debug|Any CPU.Build.0 = Debug|Any CPU
		{571F9916-06AF-461E-B727-4DDAF41D635D}.Release|Any CPU.ActiveCfg = Release|Any CPU
		{571F9916-06AF-461E-B727-4DDAF41D635D}.Release|Any CPU.Build.0 = Release|Any CPU
		{C78B10FB-5435-43D2-8041-8BE3D38D9530}.Debug|Any CPU.ActiveCfg = Debug|Any CPU
		{C78B10FB-5435-43D2-8041-8BE3D38D9530}.Debug|Any CPU.Build.0 = Debug|Any CPU
		{C78B10FB-5435-43D2-8041-8BE3D38D9530}.Release|Any CPU.ActiveCfg = Release|Any CPU
		{C78B10FB-5435-43D2-8041-8BE3D38D9530}.Release|Any CPU.Build.0 = Release|Any CPU
		{8F302DE9-6DD6-471F-A7E4-B9F3BA442E88}.Debug|Any CPU.ActiveCfg = Debug|Any CPU
		{8F302DE9-6DD6-471F-A7E4-B9F3BA442E88}.Debug|Any CPU.Build.0 = Debug|Any CPU
		{8F302DE9-6DD6-471F-A7E4-B9F3BA442E88}.Release|Any CPU.ActiveCfg = Release|Any CPU
		{8F302DE9-6DD6-471F-A7E4-B9F3BA442E88}.Release|Any CPU.Build.0 = Release|Any CPU
		{A59945DD-2FD1-468B-9796-3310FD8329E6}.Debug|Any CPU.ActiveCfg = Debug|Any CPU
		{A59945DD-2FD1-468B-9796-3310FD8329E6}.Debug|Any CPU.Build.0 = Debug|Any CPU
		{A59945DD-2FD1-468B-9796-3310FD8329E6}.Release|Any CPU.ActiveCfg = Release|Any CPU
		{A59945DD-2FD1-468B-9796-3310FD8329E6}.Release|Any CPU.Build.0 = Release|Any CPU
		{BE0E9D55-9861-48D1-B4DC-3B7EEE71DFC5}.Debug|Any CPU.ActiveCfg = Debug|Any CPU
		{BE0E9D55-9861-48D1-B4DC-3B7EEE71DFC5}.Debug|Any CPU.Build.0 = Debug|Any CPU
		{BE0E9D55-9861-48D1-B4DC-3B7EEE71DFC5}.Release|Any CPU.ActiveCfg = Release|Any CPU
		{BE0E9D55-9861-48D1-B4DC-3B7EEE71DFC5}.Release|Any CPU.Build.0 = Release|Any CPU
		{018E24E3-4AD5-4D09-8C02-70C93F6B30E5}.Debug|Any CPU.ActiveCfg = Debug|Any CPU
		{018E24E3-4AD5-4D09-8C02-70C93F6B30E5}.Debug|Any CPU.Build.0 = Debug|Any CPU
		{018E24E3-4AD5-4D09-8C02-70C93F6B30E5}.Release|Any CPU.ActiveCfg = Release|Any CPU
		{018E24E3-4AD5-4D09-8C02-70C93F6B30E5}.Release|Any CPU.Build.0 = Release|Any CPU
		{3CE98EAE-9CCE-46F0-9DF7-6FB87FF1D862}.Debug|Any CPU.ActiveCfg = Debug|Any CPU
		{3CE98EAE-9CCE-46F0-9DF7-6FB87FF1D862}.Debug|Any CPU.Build.0 = Debug|Any CPU
		{3CE98EAE-9CCE-46F0-9DF7-6FB87FF1D862}.Release|Any CPU.ActiveCfg = Release|Any CPU
		{3CE98EAE-9CCE-46F0-9DF7-6FB87FF1D862}.Release|Any CPU.Build.0 = Release|Any CPU
		{00465CAE-CFA9-4696-90AC-6A900C6E098D}.Debug|Any CPU.ActiveCfg = Debug|Any CPU
		{00465CAE-CFA9-4696-90AC-6A900C6E098D}.Debug|Any CPU.Build.0 = Debug|Any CPU
		{00465CAE-CFA9-4696-90AC-6A900C6E098D}.Release|Any CPU.ActiveCfg = Release|Any CPU
		{00465CAE-CFA9-4696-90AC-6A900C6E098D}.Release|Any CPU.Build.0 = Release|Any CPU
		{0FC68835-90D9-4A1D-880A-8D0B5F45A134}.Debug|Any CPU.ActiveCfg = Debug|Any CPU
		{0FC68835-90D9-4A1D-880A-8D0B5F45A134}.Debug|Any CPU.Build.0 = Debug|Any CPU
		{0FC68835-90D9-4A1D-880A-8D0B5F45A134}.Release|Any CPU.ActiveCfg = Release|Any CPU
		{0FC68835-90D9-4A1D-880A-8D0B5F45A134}.Release|Any CPU.Build.0 = Release|Any CPU
		{68641D33-D439-4650-8A15-C73D61935D4B}.Debug|Any CPU.ActiveCfg = Debug|Any CPU
		{68641D33-D439-4650-8A15-C73D61935D4B}.Debug|Any CPU.Build.0 = Debug|Any CPU
		{68641D33-D439-4650-8A15-C73D61935D4B}.Release|Any CPU.ActiveCfg = Release|Any CPU
		{68641D33-D439-4650-8A15-C73D61935D4B}.Release|Any CPU.Build.0 = Release|Any CPU
		{B0B7519A-0DA4-4E23-BF9C-AE7DFCA6BA07}.Debug|Any CPU.ActiveCfg = Debug|Any CPU
		{B0B7519A-0DA4-4E23-BF9C-AE7DFCA6BA07}.Debug|Any CPU.Build.0 = Debug|Any CPU
		{B0B7519A-0DA4-4E23-BF9C-AE7DFCA6BA07}.Release|Any CPU.ActiveCfg = Release|Any CPU
		{B0B7519A-0DA4-4E23-BF9C-AE7DFCA6BA07}.Release|Any CPU.Build.0 = Release|Any CPU
		{FF39D695-7AD1-4656-AE52-4E921CAD4FE0}.Debug|Any CPU.ActiveCfg = Debug|Any CPU
		{FF39D695-7AD1-4656-AE52-4E921CAD4FE0}.Debug|Any CPU.Build.0 = Debug|Any CPU
		{FF39D695-7AD1-4656-AE52-4E921CAD4FE0}.Release|Any CPU.ActiveCfg = Release|Any CPU
		{FF39D695-7AD1-4656-AE52-4E921CAD4FE0}.Release|Any CPU.Build.0 = Release|Any CPU
		{6FD14CA5-CFAB-40F9-9A79-ECCAD377C2D8}.Debug|Any CPU.ActiveCfg = Debug|Any CPU
		{6FD14CA5-CFAB-40F9-9A79-ECCAD377C2D8}.Debug|Any CPU.Build.0 = Debug|Any CPU
		{6FD14CA5-CFAB-40F9-9A79-ECCAD377C2D8}.Release|Any CPU.ActiveCfg = Release|Any CPU
		{6FD14CA5-CFAB-40F9-9A79-ECCAD377C2D8}.Release|Any CPU.Build.0 = Release|Any CPU
		{9F195120-0CAA-49D4-BEC8-A3DFFD1B4655}.Debug|Any CPU.ActiveCfg = Debug|Any CPU
		{9F195120-0CAA-49D4-BEC8-A3DFFD1B4655}.Debug|Any CPU.Build.0 = Debug|Any CPU
		{9F195120-0CAA-49D4-BEC8-A3DFFD1B4655}.Release|Any CPU.ActiveCfg = Release|Any CPU
		{9F195120-0CAA-49D4-BEC8-A3DFFD1B4655}.Release|Any CPU.Build.0 = Release|Any CPU
	EndGlobalSection
	GlobalSection(SolutionProperties) = preSolution
		HideSolutionNode = FALSE
	EndGlobalSection
	GlobalSection(ExtensibilityGlobals) = postSolution
		SolutionGuid = {6687CC82-DD5A-49C8-AEC0-20378CCDD537}
	EndGlobalSection
EndGlobal
